
Microsoft Visual Studio Solution File, Format Version 12.00
# Visual Studio Version 16
VisualStudioVersion = 16.0.30611.23
MinimumVisualStudioVersion = 10.0.40219.1
Project("{FAE04EC0-301F-11D3-BF4B-00C04F79EFBC}") = "LeandroAT1", "LeandroAT1.csproj", "{37B538AF-F87F-49E0-B8E1-17287C404BE9}"
EndProject
Global
	GlobalSection(SolutionConfigurationPlatforms) = preSolution
		Debug|Any CPU = Debug|Any CPU
		Release|Any CPU = Release|Any CPU
	EndGlobalSection
	GlobalSection(ProjectConfigurationPlatforms) = postSolution
		{37B538AF-F87F-49E0-B8E1-17287C404BE9}.Debug|Any CPU.ActiveCfg = Debug|Any CPU
		{37B538AF-F87F-49E0-B8E1-17287C404BE9}.Debug|Any CPU.Build.0 = Debug|Any CPU
		{37B538AF-F87F-49E0-B8E1-17287C404BE9}.Release|Any CPU.ActiveCfg = Release|Any CPU
		{37B538AF-F87F-49E0-B8E1-17287C404BE9}.Release|Any CPU.Build.0 = Release|Any CPU
	EndGlobalSection
	GlobalSection(SolutionProperties) = preSolution
		HideSolutionNode = FALSE
	EndGlobalSection
	GlobalSection(ExtensibilityGlobals) = postSolution
		SolutionGuid = {D35E0AA6-723B-4C27-858B-1633E062BAED}
	EndGlobalSection
EndGlobal
